
# Generated by pub
# See https://dart.dev/tools/pub/glossary#lockfile
packages:
  analyzer:
    dependency: transitive
    description:
      name: analyzer
      sha256: 22eab22385b1e7b601f187f8e2857e5705efc5c8c2154da2e9d0a5b6dc042a23
      url: "https://pub.dev"
    source: hosted
    version: "6.4.1"

  functions_client:
    dependency: transitive
    description:
      name: functions_client
      sha256: "91bd57c5ee843957bfee68fdcd7a2e8b3c1081d448e945d33ff695fb9c2a686c"
      url: "https://pub.dev"
    source: hosted
    version: "2.4.3"

  go_router:
    dependency: transitive
    description:
      name: go_router
      sha256: f222e12c5360b0c90aae5d33e6b351a6789d4aa1c97b32691b4a30946fc91813
      url: "https://pub.dev"
    source: hosted
    version: "15.2.0"

  gotrue:
    dependency: transitive
    description:
      name: gotrue
      sha256: "941694654ab659990547798569771d8d092f2ade84a72e75bb9bbca249f3d3b1"
      url: "https://pub.dev"
    source: hosted
    version: "2.13.0"

  hive:
    dependency: "direct main"
    description:
      name: hive
      sha256: "8dcf6db979d7933da8217edcec84e9df1bdb4e4edc7fc77dbd5aa74356d6d941"
      url: "https://pub.dev"
    source: hosted
    version: "2.2.3"

  hive_flutter:
    dependency: "direct main"
    description:
      name: hive_flutter
      sha256: dca1da446b1d808a51689fb5d0c6c9510c0a2ba01e22805d492c73b68e33eecc
      url: "https://pub.dev"
    source: hosted
    version: "1.1.0"

  realtime_client:
    dependency: transitive
    description:
      name: realtime_client
      sha256: b6a825a4c80f2281ebfbbcf436a8979ae9993d4a30dbcf011b7d2b82ddde9edd
      url: "https://pub.dev"
    source: hosted
    version: "2.5.1"

  supabase:
    dependency: transitive
    description:
      name: supabase
      sha256: "56c3493114caac8ef0dc3cac5fa24a9edefeb8c22d45794814c0fe3d2feb1a98"
      url: "https://pub.dev"
    source: hosted
    version: "2.8.0"

  supabase_flutter:
    dependency: "direct main"
    description:
      name: supabase_flutter
      sha256: "66b8d0a7a31f45955b11ad7b65347abc61b31e10f8bdfa4428501b81f5b30fa5"
      url: "https://pub.dev"
    source: hosted
    version: "2.9.1"

sdks:
  dart: ">=3.7.0 <4.0.0"
  flutter: ">=3.0.0"
